
Microsoft Visual Studio Solution File, Format Version 12.00
# Visual Studio Version 17
VisualStudioVersion = 17.6.33712.159
MinimumVisualStudioVersion = 10.0.40219.1
Project("{888888A0-9F3D-457C-B088-3A5042F75D52}") = "Тема 4. Урок 15 - ООП. Задание 1", "Тема 4. Урок 15 - ООП. Задание 1\Тема 4. Урок 15 - ООП. Задание 1.pyproj", "{476D5470-AEC9-40B8-840C-73B074FA8CC9}"
EndProject
Global
	GlobalSection(SolutionConfigurationPlatforms) = preSolution
		Debug|Any CPU = Debug|Any CPU
		Release|Any CPU = Release|Any CPU
	EndGlobalSection
	GlobalSection(ProjectConfigurationPlatforms) = postSolution
		{476D5470-AEC9-40B8-840C-73B074FA8CC9}.Debug|Any CPU.ActiveCfg = Debug|Any CPU
		{476D5470-AEC9-40B8-840C-73B074FA8CC9}.Release|Any CPU.ActiveCfg = Release|Any CPU
	EndGlobalSection
	GlobalSection(SolutionProperties) = preSolution
		HideSolutionNode = FALSE
	EndGlobalSection
	GlobalSection(ExtensibilityGlobals) = postSolution
		SolutionGuid = {E0A88A36-A2D9-4741-B87C-D2573A26C015}
	EndGlobalSection
EndGlobal
